
Microsoft Visual Studio Solution File, Format Version 12.00
# Visual Studio 14
VisualStudioVersion = 14.0.25123.0
MinimumVisualStudioVersion = 10.0.40219.1
Project("{8BC9CEB8-8B4A-11D0-8D11-00A0C91BC942}") = "ACOJ4.1", "ACOJ4.1\ACOJ4.1.vcxproj", "{7EAEFD2E-C871-4E75-95CD-9A64A3B0A1FD}"
EndProject
Project("{8BC9CEB8-8B4A-11D0-8D11-00A0C91BC942}") = "ACJudge1.2", "ACJudge1.2\ACJudge1.2.vcxproj", "{8ECF8C78-C32F-42F0-944C-0975F9668CEF}"
EndProject
Global
	GlobalSection(SolutionConfigurationPlatforms) = preSolution
		Debug|x64 = Debug|x64
		Debug|x86 = Debug|x86
		Release|x64 = Release|x64
		Release|x86 = Release|x86
	EndGlobalSection
	GlobalSection(ProjectConfigurationPlatforms) = postSolution
		{7EAEFD2E-C871-4E75-95CD-9A64A3B0A1FD}.Debug|x64.ActiveCfg = Debug|x64
		{7EAEFD2E-C871-4E75-95CD-9A64A3B0A1FD}.Debug|x64.Build.0 = Debug|x64
		{7EAEFD2E-C871-4E75-95CD-9A64A3B0A1FD}.Debug|x86.ActiveCfg = Debug|Win32
		{7EAEFD2E-C871-4E75-95CD-9A64A3B0A1FD}.Debug|x86.Build.0 = Debug|Win32
		{7EAEFD2E-C871-4E75-95CD-9A64A3B0A1FD}.Release|x64.ActiveCfg = Release|x64
		{7EAEFD2E-C871-4E75-95CD-9A64A3B0A1FD}.Release|x64.Build.0 = Release|x64
		{7EAEFD2E-C871-4E75-95CD-9A64A3B0A1FD}.Release|x86.ActiveCfg = Release|Win32
		{7EAEFD2E-C871-4E75-95CD-9A64A3B0A1FD}.Release|x86.Build.0 = Release|Win32
		{8ECF8C78-C32F-42F0-944C-0975F9668CEF}.Debug|x64.ActiveCfg = Debug|x64
		{8ECF8C78-C32F-42F0-944C-0975F9668CEF}.Debug|x64.Build.0 = Debug|x64
		{8ECF8C78-C32F-42F0-944C-0975F9668CEF}.Debug|x86.ActiveCfg = Debug|Win32
		{8ECF8C78-C32F-42F0-944C-0975F9668CEF}.Debug|x86.Build.0 = Debug|Win32
		{8ECF8C78-C32F-42F0-944C-0975F9668CEF}.Release|x64.ActiveCfg = Release|x64
		{8ECF8C78-C32F-42F0-944C-0975F9668CEF}.Release|x64.Build.0 = Release|x64
		{8ECF8C78-C32F-42F0-944C-0975F9668CEF}.Release|x86.ActiveCfg = Release|Win32
		{8ECF8C78-C32F-42F0-944C-0975F9668CEF}.Release|x86.Build.0 = Release|Win32
	EndGlobalSection
	GlobalSection(SolutionProperties) = preSolution
		HideSolutionNode = FALSE
	EndGlobalSection
EndGlobal
